{
  "name": "mtic",
  "lockfileVersion": 3,
  "requires": true,
  "packages": {
    "": {
      "dependencies": {
        "@ngrx/schematics": "^17.0.1"
      }
    },
    "node_modules/@ngrx/schematics": {
      "version": "17.0.1",
      "resolved": "https://registry.npmjs.org/@ngrx/schematics/-/schematics-17.0.1.tgz",
      "integrity": "sha512-yOQxy6PWKbxS2JhE54Li5qAJVruZGkUrsVCcx6pFKssKMGBG1R0EHBZ0BAmFtkiHvyHz3P/RUiaNf+UbWPPgIw=="
    }
  }
}
